
Microsoft Visual Studio Solution File, Format Version 12.00
# Visual Studio Version 17
VisualStudioVersion = 17.8.34309.116
MinimumVisualStudioVersion = 10.0.40219.1
Project("{FAE04EC0-301F-11D3-BF4B-00C04F79EFBC}") = "blog_api", "blog_api\blog_api.csproj", "{074654A2-65B9-4A2D-BA0E-1EA502F7D77D}"
EndProject
Project("{FAE04EC0-301F-11D3-BF4B-00C04F79EFBC}") = "blog_data", "blog_data\blog_data.csproj", "{DDCDE4ED-A2F7-4EAF-9E3D-38D48FFD1F5A}"
EndProject
Project("{FAE04EC0-301F-11D3-BF4B-00C04F79EFBC}") = "blog_models", "blog_models\blog_models.csproj", "{FA0CFC39-0716-435E-8549-4FE0C69A988E}"
EndProject
Project("{FAE04EC0-301F-11D3-BF4B-00C04F79EFBC}") = "blog_services", "blog_services\blog_services.csproj", "{AD639774-DAC7-413D-9AE0-12C52C549137}"
EndProject
Global
	GlobalSection(SolutionConfigurationPlatforms) = preSolution
		Debug|Any CPU = Debug|Any CPU
		Release|Any CPU = Release|Any CPU
	EndGlobalSection
	GlobalSection(ProjectConfigurationPlatforms) = postSolution
		{074654A2-65B9-4A2D-BA0E-1EA502F7D77D}.Debug|Any CPU.ActiveCfg = Debug|Any CPU
		{074654A2-65B9-4A2D-BA0E-1EA502F7D77D}.Debug|Any CPU.Build.0 = Debug|Any CPU
		{074654A2-65B9-4A2D-BA0E-1EA502F7D77D}.Release|Any CPU.ActiveCfg = Release|Any CPU
		{074654A2-65B9-4A2D-BA0E-1EA502F7D77D}.Release|Any CPU.Build.0 = Release|Any CPU
		{DDCDE4ED-A2F7-4EAF-9E3D-38D48FFD1F5A}.Debug|Any CPU.ActiveCfg = Debug|Any CPU
		{DDCDE4ED-A2F7-4EAF-9E3D-38D48FFD1F5A}.Debug|Any CPU.Build.0 = Debug|Any CPU
		{DDCDE4ED-A2F7-4EAF-9E3D-38D48FFD1F5A}.Release|Any CPU.ActiveCfg = Release|Any CPU
		{DDCDE4ED-A2F7-4EAF-9E3D-38D48FFD1F5A}.Release|Any CPU.Build.0 = Release|Any CPU
		{FA0CFC39-0716-435E-8549-4FE0C69A988E}.Debug|Any CPU.ActiveCfg = Debug|Any CPU
		{FA0CFC39-0716-435E-8549-4FE0C69A988E}.Debug|Any CPU.Build.0 = Debug|Any CPU
		{FA0CFC39-0716-435E-8549-4FE0C69A988E}.Release|Any CPU.ActiveCfg = Release|Any CPU
		{FA0CFC39-0716-435E-8549-4FE0C69A988E}.Release|Any CPU.Build.0 = Release|Any CPU
		{AD639774-DAC7-413D-9AE0-12C52C549137}.Debug|Any CPU.ActiveCfg = Debug|Any CPU
		{AD639774-DAC7-413D-9AE0-12C52C549137}.Debug|Any CPU.Build.0 = Debug|Any CPU
		{AD639774-DAC7-413D-9AE0-12C52C549137}.Release|Any CPU.ActiveCfg = Release|Any CPU
		{AD639774-DAC7-413D-9AE0-12C52C549137}.Release|Any CPU.Build.0 = Release|Any CPU
	EndGlobalSection
	GlobalSection(SolutionProperties) = preSolution
		HideSolutionNode = FALSE
	EndGlobalSection
	GlobalSection(ExtensibilityGlobals) = postSolution
		SolutionGuid = {53C24E01-3D18-4E21-AED9-54EBDBFD325F}
	EndGlobalSection
EndGlobal
